# This file is generated by running "yarn install" inside your project.
# Manual changes might be lost - proceed with caution!

__metadata:
  version: 6
  cacheKey: 8

"hoy@workspace:.":
  version: 0.0.0-use.local
  resolution: "hoy@workspace:."
  dependencies:
    mvt: ^5.0.0-beta.1
  languageName: unknown
  linkType: soft

"mvt@npm:^5.0.0-beta.1":
  version: 5.0.0-beta.1
  resolution: "mvt@npm:5.0.0-beta.1"
  bin:
    mvt: cli.js
  checksum: 634a89f9d54fac8afce58a3ee05f83418b91f084cabb52b9361e398e25eb2b29c8ddb467e30305ecf5286cb9b036d0c4175815d1e01b659025cfcffcbf6f7c94
  languageName: node
  linkType: hard
